
Microsoft Visual Studio Solution File, Format Version 12.00
# Visual Studio 15
VisualStudioVersion = 15.0.28307.1758
MinimumVisualStudioVersion = 10.0.40219.1
Project("{FAE04EC0-301F-11D3-BF4B-00C04F79EFBC}") = "WinFormGameUi", "WinFormGameUi\WinFormGameUi.csproj", "{A43487B6-FE36-486D-8378-95C2ED0254F5}"
EndProject
Global
	GlobalSection(SolutionConfigurationPlatforms) = preSolution
		Debug|Any CPU = Debug|Any CPU
		Release|Any CPU = Release|Any CPU
	EndGlobalSection
	GlobalSection(ProjectConfigurationPlatforms) = postSolution
		{A43487B6-FE36-486D-8378-95C2ED0254F5}.Debug|Any CPU.ActiveCfg = Debug|Any CPU
		{A43487B6-FE36-486D-8378-95C2ED0254F5}.Debug|Any CPU.Build.0 = Debug|Any CPU
		{A43487B6-FE36-486D-8378-95C2ED0254F5}.Release|Any CPU.ActiveCfg = Release|Any CPU
		{A43487B6-FE36-486D-8378-95C2ED0254F5}.Release|Any CPU.Build.0 = Release|Any CPU
	EndGlobalSection
	GlobalSection(SolutionProperties) = preSolution
		HideSolutionNode = FALSE
	EndGlobalSection
	GlobalSection(ExtensibilityGlobals) = postSolution
		SolutionGuid = {A18AA70A-9D6E-4110-91C8-C5FF38AD9C5D}
	EndGlobalSection
EndGlobal
